
Microsoft Visual Studio Solution File, Format Version 12.00
# Visual Studio Version 17
VisualStudioVersion = 17.7.34009.444
MinimumVisualStudioVersion = 10.0.40219.1
Project("{FAE04EC0-301F-11D3-BF4B-00C04F79EFBC}") = "MvcApiProject", "MvcApiProject.csproj", "{84E31AB5-41BA-40D7-B6F2-B053E30D523F}"
	ProjectSection(ProjectDependencies) = postProject
		{BC2A92FE-C033-4A71-97B2-013AA740A931} = {BC2A92FE-C033-4A71-97B2-013AA740A931}
	EndProjectSection
EndProject
Project("{FAE04EC0-301F-11D3-BF4B-00C04F79EFBC}") = "ApiProject", "..\ApiProject\ApiProject.csproj", "{A981338E-B011-441E-9E5C-CC86EC5CD683}"
	ProjectSection(ProjectDependencies) = postProject
		{BC2A92FE-C033-4A71-97B2-013AA740A931} = {BC2A92FE-C033-4A71-97B2-013AA740A931}
	EndProjectSection
EndProject
Project("{FAE04EC0-301F-11D3-BF4B-00C04F79EFBC}") = "SharedModels", "..\SharedModels\SharedModels.csproj", "{BC2A92FE-C033-4A71-97B2-013AA740A931}"
EndProject
Global
	GlobalSection(SolutionConfigurationPlatforms) = preSolution
		Debug|Any CPU = Debug|Any CPU
		Release|Any CPU = Release|Any CPU
	EndGlobalSection
	GlobalSection(ProjectConfigurationPlatforms) = postSolution
		{84E31AB5-41BA-40D7-B6F2-B053E30D523F}.Debug|Any CPU.ActiveCfg = Debug|Any CPU
		{84E31AB5-41BA-40D7-B6F2-B053E30D523F}.Debug|Any CPU.Build.0 = Debug|Any CPU
		{84E31AB5-41BA-40D7-B6F2-B053E30D523F}.Release|Any CPU.ActiveCfg = Release|Any CPU
		{84E31AB5-41BA-40D7-B6F2-B053E30D523F}.Release|Any CPU.Build.0 = Release|Any CPU
		{A981338E-B011-441E-9E5C-CC86EC5CD683}.Debug|Any CPU.ActiveCfg = Debug|Any CPU
		{A981338E-B011-441E-9E5C-CC86EC5CD683}.Debug|Any CPU.Build.0 = Debug|Any CPU
		{A981338E-B011-441E-9E5C-CC86EC5CD683}.Release|Any CPU.ActiveCfg = Release|Any CPU
		{A981338E-B011-441E-9E5C-CC86EC5CD683}.Release|Any CPU.Build.0 = Release|Any CPU
		{BC2A92FE-C033-4A71-97B2-013AA740A931}.Debug|Any CPU.ActiveCfg = Debug|Any CPU
		{BC2A92FE-C033-4A71-97B2-013AA740A931}.Debug|Any CPU.Build.0 = Debug|Any CPU
		{BC2A92FE-C033-4A71-97B2-013AA740A931}.Release|Any CPU.ActiveCfg = Release|Any CPU
		{BC2A92FE-C033-4A71-97B2-013AA740A931}.Release|Any CPU.Build.0 = Release|Any CPU
	EndGlobalSection
	GlobalSection(SolutionProperties) = preSolution
		HideSolutionNode = FALSE
	EndGlobalSection
	GlobalSection(ExtensibilityGlobals) = postSolution
		SolutionGuid = {6B4EB539-CC11-4BBB-B7BB-4FD82D275B9B}
	EndGlobalSection
EndGlobal
